// !$*UTF8*$!
{
	archiveVersion = 1;
	classes = {
	};
	objectVersion = 46;
	objects = {

/* Begin PBXBuildFile section */
		E54F8FE41F384FAA001B414D /* SDL.framework in Frameworks */ = {isa = PBXBuildFile; fileRef = E54F8FE11F384FAA001B414D /* SDL.framework */; settings = {ATTRIBUTES = (Weak, ); }; };
		E54F8FE51F384FAA001B414D /* SDLMain.m in Sources */ = {isa = PBXBuildFile; fileRef = E54F8FE31F384FAA001B414D /* SDLMain.m */; };
		E54F8FE71F385178001B414D /* main.mm in Sources */ = {isa = PBXBuildFile; fileRef = E54F8FE61F385178001B414D /* main.mm */; };
		E54F8FE81F3853C7001B414D /* SDL.framework in CopyFiles */ = {isa = PBXBuildFile; fileRef = E54F8FE11F384FAA001B414D /* SDL.framework */; settings = {ATTRIBUTES = (CodeSignOnCopy, RemoveHeadersOnCopy, ); }; };
/* End PBXBuildFile section */

/* Begin PBXCopyFilesBuildPhase section */
		E54F8FD01F384E67001B414D /* CopyFiles */ = {
			isa = PBXCopyFilesBuildPhase;
			buildActionMask = 12;
			dstPath = usr/share/man/man1;
			dstSubfolderSpec = 10;
			files = (
				E54F8FE81F3853C7001B414D /* SDL.framework in CopyFiles */,
			);
			runOnlyForDeploymentPostprocessing = 0;
		};
/* End PBXCopyFilesBuildPhase section */

/* Begin PBXFileReference section */
		E54F8FD21F384E67001B414D /* render */ = {isa = PBXFileReference; explicitFileType = "compiled.mach-o.executable"; includeInIndex = 0; path = render; sourceTree = BUILT_PRODUCTS_DIR; };
		E54F8FE11F384FAA001B414D /* SDL.framework */ = {isa = PBXFileReference; lastKnownFileType = wrapper.framework; path = SDL.framework; sourceTree = "<group>"; };
		E54F8FE21F384FAA001B414D /* SDLMain.h */ = {isa = PBXFileReference; fileEncoding = 4; lastKnownFileType = sourcecode.c.h; path = SDLMain.h; sourceTree = "<group>"; };
		E54F8FE31F384FAA001B414D /* SDLMain.m */ = {isa = PBXFileReference; fileEncoding = 4; lastKnownFileType = sourcecode.c.objc; path = SDLMain.m; sourceTree = "<group>"; };
		E54F8FE61F385178001B414D /* main.mm */ = {isa = PBXFileReference; fileEncoding = 4; lastKnownFileType = sourcecode.cpp.objcpp; name = main.mm; path = platform/macos/main.mm; sourceTree = SOURCE_ROOT; };
		E54F8FEA1F3863FB001B414D /* rmath.h */ = {isa = PBXFileReference; lastKnownFileType = sourcecode.c.h; path = rmath.h; sourceTree = "<group>"; };
		E54F8FEB1F3868C1001B414D /* window.h */ = {isa = PBXFileReference; lastKnownFileType = sourcecode.c.h; path = window.h; sourceTree = "<group>"; };
		E54F8FEC1F386DAC001B414D /* rutil.h */ = {isa = PBXFileReference; lastKnownFileType = sourcecode.c.h; path = rutil.h; sourceTree = "<group>"; };
/* End PBXFileReference section */

/* Begin PBXFrameworksBuildPhase section */
		E54F8FCF1F384E67001B414D /* Frameworks */ = {
			isa = PBXFrameworksBuildPhase;
			buildActionMask = 2147483647;
			files = (
				E54F8FE41F384FAA001B414D /* SDL.framework in Frameworks */,
			);
			runOnlyForDeploymentPostprocessing = 0;
		};
/* End PBXFrameworksBuildPhase section */

/* Begin PBXGroup section */
		E54F8FC91F384E67001B414D = {
			isa = PBXGroup;
			children = (
				E54F8FE91F3863E1001B414D /* source */,
				E54F8FE01F384FAA001B414D /* macos */,
				E54F8FD41F384E67001B414D /* render */,
				E54F8FD31F384E67001B414D /* Products */,
			);
			sourceTree = "<group>";
		};
		E54F8FD31F384E67001B414D /* Products */ = {
			isa = PBXGroup;
			children = (
				E54F8FD21F384E67001B414D /* render */,
			);
			name = Products;
			sourceTree = "<group>";
		};
		E54F8FD41F384E67001B414D /* render */ = {
			isa = PBXGroup;
			children = (
				E54F8FE61F385178001B414D /* main.mm */,
			);
			path = render;
			sourceTree = "<group>";
		};
		E54F8FE01F384FAA001B414D /* macos */ = {
			isa = PBXGroup;
			children = (
				E54F8FE11F384FAA001B414D /* SDL.framework */,
				E54F8FE21F384FAA001B414D /* SDLMain.h */,
				E54F8FE31F384FAA001B414D /* SDLMain.m */,
			);
			name = macos;
			path = platform/macos;
			sourceTree = "<group>";
		};
		E54F8FE91F3863E1001B414D /* source */ = {
			isa = PBXGroup;
			children = (
				E54F8FEA1F3863FB001B414D /* rmath.h */,
				E54F8FEB1F3868C1001B414D /* window.h */,
				E54F8FEC1F386DAC001B414D /* rutil.h */,
			);
			path = source;
			sourceTree = "<group>";
		};
/* End PBXGroup section */

/* Begin PBXNativeTarget section */
		E54F8FD11F384E67001B414D /* render */ = {
			isa = PBXNativeTarget;
			buildConfigurationList = E54F8FD91F384E67001B414D /* Build configuration list for PBXNativeTarget "render" */;
			buildPhases = (
				E54F8FCE1F384E67001B414D /* Sources */,
				E54F8FCF1F384E67001B414D /* Frameworks */,
				E54F8FD01F384E67001B414D /* CopyFiles */,
			);
			buildRules = (
			);
			dependencies = (
			);
			name = render;
			productName = render;
			productReference = E54F8FD21F384E67001B414D /* render */;
			productType = "com.apple.product-type.tool";
		};
/* End PBXNativeTarget section */

/* Begin PBXProject section */
		E54F8FCA1F384E67001B414D /* Project object */ = {
			isa = PBXProject;
			attributes = {
				LastUpgradeCheck = 0830;
				ORGANIZATIONNAME = chao;
				TargetAttributes = {
					E54F8FD11F384E67001B414D = {
						CreatedOnToolsVersion = 8.3.3;
						ProvisioningStyle = Automatic;
					};
				};
			};
			buildConfigurationList = E54F8FCD1F384E67001B414D /* Build configuration list for PBXProject "render" */;
			compatibilityVersion = "Xcode 3.2";
			developmentRegion = English;
			hasScannedForEncodings = 0;
			knownRegions = (
				en,
			);
			mainGroup = E54F8FC91F384E67001B414D;
			productRefGroup = E54F8FD31F384E67001B414D /* Products */;
			projectDirPath = "";
			projectRoot = "";
			targets = (
				E54F8FD11F384E67001B414D /* render */,
			);
		};
/* End PBXProject section */

/* Begin PBXSourcesBuildPhase section */
		E54F8FCE1F384E67001B414D /* Sources */ = {
			isa = PBXSourcesBuildPhase;
			buildActionMask = 2147483647;
			files = (
				E54F8FE51F384FAA001B414D /* SDLMain.m in Sources */,
				E54F8FE71F385178001B414D /* main.mm in Sources */,
			);
			runOnlyForDeploymentPostprocessing = 0;
		};
/* End PBXSourcesBuildPhase section */

/* Begin XCBuildConfiguration section */
		E54F8FD71F384E67001B414D /* Debug */ = {
			isa = XCBuildConfiguration;
			buildSettings = {
				ALWAYS_SEARCH_USER_PATHS = NO;
				CLANG_ANALYZER_NONNULL = YES;
				CLANG_ANALYZER_NUMBER_OBJECT_CONVERSION = YES_AGGRESSIVE;
				CLANG_CXX_LANGUAGE_STANDARD = "gnu++0x";
				CLANG_CXX_LIBRARY = "libc++";
				CLANG_ENABLE_MODULES = YES;
				CLANG_ENABLE_OBJC_ARC = YES;
				CLANG_WARN_BOOL_CONVERSION = YES;
				CLANG_WARN_CONSTANT_CONVERSION = YES;
				CLANG_WARN_DIRECT_OBJC_ISA_USAGE = YES_ERROR;
				CLANG_WARN_DOCUMENTATION_COMMENTS = YES;
				CLANG_WARN_EMPTY_BODY = YES;
				CLANG_WARN_ENUM_CONVERSION = YES;
				CLANG_WARN_INFINITE_RECURSION = YES;
				CLANG_WARN_INT_CONVERSION = YES;
				CLANG_WARN_OBJC_ROOT_CLASS = YES_ERROR;
				CLANG_WARN_SUSPICIOUS_MOVE = YES;
				CLANG_WARN_UNREACHABLE_CODE = YES;
				CLANG_WARN__DUPLICATE_METHOD_MATCH = YES;
				CODE_SIGN_IDENTITY = "-";
				COPY_PHASE_STRIP = NO;
				DEBUG_INFORMATION_FORMAT = dwarf;
				ENABLE_STRICT_OBJC_MSGSEND = YES;
				ENABLE_TESTABILITY = YES;
				GCC_C_LANGUAGE_STANDARD = gnu99;
				GCC_DYNAMIC_NO_PIC = NO;
				GCC_NO_COMMON_BLOCKS = YES;
				GCC_OPTIMIZATION_LEVEL = 0;
				GCC_PREPROCESSOR_DEFINITIONS = (
					"DEBUG=1",
					"$(inherited)",
				);
				GCC_WARN_64_TO_32_BIT_CONVERSION = YES;
				GCC_WARN_ABOUT_RETURN_TYPE = YES_ERROR;
				GCC_WARN_UNDECLARED_SELECTOR = YES;
				GCC_WARN_UNINITIALIZED_AUTOS = YES_AGGRESSIVE;
				GCC_WARN_UNUSED_FUNCTION = YES;
				GCC_WARN_UNUSED_VARIABLE = YES;
				MACOSX_DEPLOYMENT_TARGET = 10.12;
				MTL_ENABLE_DEBUG_INFO = YES;
				ONLY_ACTIVE_ARCH = YES;
				SDKROOT = macosx;
			};
			name = Debug;
		};
		E54F8FD81F384E67001B414D /* Release */ = {
			isa = XCBuildConfiguration;
			buildSettings = {
				ALWAYS_SEARCH_USER_PATHS = NO;
				CLANG_ANALYZER_NONNULL = YES;
				CLANG_ANALYZER_NUMBER_OBJECT_CONVERSION = YES_AGGRESSIVE;
				CLANG_CXX_LANGUAGE_STANDARD = "gnu++0x";
				CLANG_CXX_LIBRARY = "libc++";
				CLANG_ENABLE_MODULES = YES;
				CLANG_ENABLE_OBJC_ARC = YES;
				CLANG_WARN_BOOL_CONVERSION = YES;
				CLANG_WARN_CONSTANT_CONVERSION = YES;
				CLANG_WARN_DIRECT_OBJC_ISA_USAGE = YES_ERROR;
				CLANG_WARN_DOCUMENTATION_COMMENTS = YES;
				CLANG_WARN_EMPTY_BODY = YES;
				CLANG_WARN_ENUM_CONVERSION = YES;
				CLANG_WARN_INFINITE_RECURSION = YES;
				CLANG_WARN_INT_CONVERSION = YES;
				CLANG_WARN_OBJC_ROOT_CLASS = YES_ERROR;
				CLANG_WARN_SUSPICIOUS_MOVE = YES;
				CLANG_WARN_UNREACHABLE_CODE = YES;
				CLANG_WARN__DUPLICATE_METHOD_MATCH = YES;
				CODE_SIGN_IDENTITY = "-";
				COPY_PHASE_STRIP = NO;
				DEBUG_INFORMATION_FORMAT = "dwarf-with-dsym";
				ENABLE_NS_ASSERTIONS = NO;
				ENABLE_STRICT_OBJC_MSGSEND = YES;
				GCC_C_LANGUAGE_STANDARD = gnu99;
				GCC_NO_COMMON_BLOCKS = YES;
				GCC_WARN_64_TO_32_BIT_CONVERSION = YES;
				GCC_WARN_ABOUT_RETURN_TYPE = YES_ERROR;
				GCC_WARN_UNDECLARED_SELECTOR = YES;
				GCC_WARN_UNINITIALIZED_AUTOS = YES_AGGRESSIVE;
				GCC_WARN_UNUSED_FUNCTION = YES;
				GCC_WARN_UNUSED_VARIABLE = YES;
				MACOSX_DEPLOYMENT_TARGET = 10.12;
				MTL_ENABLE_DEBUG_INFO = NO;
				SDKROOT = macosx;
			};
			name = Release;
		};
		E54F8FDA1F384E67001B414D /* Debug */ = {
			isa = XCBuildConfiguration;
			buildSettings = {
				FRAMEWORK_SEARCH_PATHS = "$(PROJECT_DIR)/platform/macos";
				PRODUCT_NAME = "$(TARGET_NAME)";
			};
			name = Debug;
		};
		E54F8FDB1F384E67001B414D /* Release */ = {
			isa = XCBuildConfiguration;
			buildSettings = {
				FRAMEWORK_SEARCH_PATHS = "$(PROJECT_DIR)/platform/macos";
				PRODUCT_NAME = "$(TARGET_NAME)";
			};
			name = Release;
		};
/* End XCBuildConfiguration section */

/* Begin XCConfigurationList section */
		E54F8FCD1F384E67001B414D /* Build configuration list for PBXProject "render" */ = {
			isa = XCConfigurationList;
			buildConfigurations = (
				E54F8FD71F384E67001B414D /* Debug */,
				E54F8FD81F384E67001B414D /* Release */,
			);
			defaultConfigurationIsVisible = 0;
			defaultConfigurationName = Release;
		};
		E54F8FD91F384E67001B414D /* Build configuration list for PBXNativeTarget "render" */ = {
			isa = XCConfigurationList;
			buildConfigurations = (
				E54F8FDA1F384E67001B414D /* Debug */,
				E54F8FDB1F384E67001B414D /* Release */,
			);
			defaultConfigurationIsVisible = 0;
			defaultConfigurationName = Release;
		};
/* End XCConfigurationList section */
	};
	rootObject = E54F8FCA1F384E67001B414D /* Project object */;
}
